
Microsoft Visual Studio Solution File, Format Version 12.00
# Visual Studio Version 16
VisualStudioVersion = 16.0.34031.81
MinimumVisualStudioVersion = 10.0.40219.1
Project("{2150E333-8FDC-42A3-9474-1A3956D46DE8}") = "Task0", "Task0", "{D0092F39-2A7D-4A19-AC92-893CFFD576A6}"
EndProject
Project("{FAE04EC0-301F-11D3-BF4B-00C04F79EFBC}") = "Tyuiu.ShunanovKE.Sprint3.Task0.V30", "Tyuiu.ShunanovKE.Sprint3.Task0.V30\Tyuiu.ShunanovKE.Sprint3.Task0.V30.csproj", "{DC2DEE60-E246-448D-85DC-51D8D1205825}"
EndProject
Project("{FAE04EC0-301F-11D3-BF4B-00C04F79EFBC}") = "Tyuiu.ShunanovKE.Sprint3.Task0.V30.Lib", "Tyuiu.ShunanovKE.Sprint3.Task0.V30.Lib\Tyuiu.ShunanovKE.Sprint3.Task0.V30.Lib.csproj", "{0CBA951D-71EC-4FC3-9E0D-4BC1271407D6}"
EndProject
Project("{FAE04EC0-301F-11D3-BF4B-00C04F79EFBC}") = "Tyuiu.ShunanovKE.Sprint3.Task0.V30.Test", "Tyuiu.ShunanovKE.Sprint3.Task0.V30.Test\Tyuiu.ShunanovKE.Sprint3.Task0.V30.Test.csproj", "{A3373744-7D97-4C48-AB85-AC860B30BA9A}"
EndProject
Project("{2150E333-8FDC-42A3-9474-1A3956D46DE8}") = "Task1", "Task1", "{E2B44B70-6E9E-4DE5-BFE5-3D7ABB4A5019}"
EndProject
Project("{FAE04EC0-301F-11D3-BF4B-00C04F79EFBC}") = "Tyuiu.ShunanovKE.Sprint3.Task1.V17", "Tyuiu.ShunanovKE.Sprint3.Task1.V17\Tyuiu.ShunanovKE.Sprint3.Task1.V17.csproj", "{910EC6ED-FE5F-4F72-985D-E1388BDB3A2C}"
EndProject
Project("{FAE04EC0-301F-11D3-BF4B-00C04F79EFBC}") = "Tyuiu.ShunanovKE.Sprint3.Task1.V17.Lib", "Tyuiu.ShunanovKE.Sprint3.Task1.V17.Lib\Tyuiu.ShunanovKE.Sprint3.Task1.V17.Lib.csproj", "{F87F9F6C-5A36-4DD2-88F4-65D422B6490F}"
EndProject
Project("{FAE04EC0-301F-11D3-BF4B-00C04F79EFBC}") = "Tyuiu.ShunanovKE.Sprint3.Task1.V17.Test", "Tyuiu.ShunanovKE.Sprint3.Task1.V17.Test\Tyuiu.ShunanovKE.Sprint3.Task1.V17.Test.csproj", "{8B80905C-244E-4EDE-BA39-CC407039045B}"
EndProject
Global
	GlobalSection(SolutionConfigurationPlatforms) = preSolution
		Debug|Any CPU = Debug|Any CPU
		Release|Any CPU = Release|Any CPU
	EndGlobalSection
	GlobalSection(ProjectConfigurationPlatforms) = postSolution
		{DC2DEE60-E246-448D-85DC-51D8D1205825}.Debug|Any CPU.ActiveCfg = Debug|Any CPU
		{DC2DEE60-E246-448D-85DC-51D8D1205825}.Debug|Any CPU.Build.0 = Debug|Any CPU
		{DC2DEE60-E246-448D-85DC-51D8D1205825}.Release|Any CPU.ActiveCfg = Release|Any CPU
		{DC2DEE60-E246-448D-85DC-51D8D1205825}.Release|Any CPU.Build.0 = Release|Any CPU
		{0CBA951D-71EC-4FC3-9E0D-4BC1271407D6}.Debug|Any CPU.ActiveCfg = Debug|Any CPU
		{0CBA951D-71EC-4FC3-9E0D-4BC1271407D6}.Debug|Any CPU.Build.0 = Debug|Any CPU
		{0CBA951D-71EC-4FC3-9E0D-4BC1271407D6}.Release|Any CPU.ActiveCfg = Release|Any CPU
		{0CBA951D-71EC-4FC3-9E0D-4BC1271407D6}.Release|Any CPU.Build.0 = Release|Any CPU
		{A3373744-7D97-4C48-AB85-AC860B30BA9A}.Debug|Any CPU.ActiveCfg = Debug|Any CPU
		{A3373744-7D97-4C48-AB85-AC860B30BA9A}.Debug|Any CPU.Build.0 = Debug|Any CPU
		{A3373744-7D97-4C48-AB85-AC860B30BA9A}.Release|Any CPU.ActiveCfg = Release|Any CPU
		{A3373744-7D97-4C48-AB85-AC860B30BA9A}.Release|Any CPU.Build.0 = Release|Any CPU
		{910EC6ED-FE5F-4F72-985D-E1388BDB3A2C}.Debug|Any CPU.ActiveCfg = Debug|Any CPU
		{910EC6ED-FE5F-4F72-985D-E1388BDB3A2C}.Debug|Any CPU.Build.0 = Debug|Any CPU
		{910EC6ED-FE5F-4F72-985D-E1388BDB3A2C}.Release|Any CPU.ActiveCfg = Release|Any CPU
		{910EC6ED-FE5F-4F72-985D-E1388BDB3A2C}.Release|Any CPU.Build.0 = Release|Any CPU
		{F87F9F6C-5A36-4DD2-88F4-65D422B6490F}.Debug|Any CPU.ActiveCfg = Debug|Any CPU
		{F87F9F6C-5A36-4DD2-88F4-65D422B6490F}.Debug|Any CPU.Build.0 = Debug|Any CPU
		{F87F9F6C-5A36-4DD2-88F4-65D422B6490F}.Release|Any CPU.ActiveCfg = Release|Any CPU
		{F87F9F6C-5A36-4DD2-88F4-65D422B6490F}.Release|Any CPU.Build.0 = Release|Any CPU
		{8B80905C-244E-4EDE-BA39-CC407039045B}.Debug|Any CPU.ActiveCfg = Debug|Any CPU
		{8B80905C-244E-4EDE-BA39-CC407039045B}.Debug|Any CPU.Build.0 = Debug|Any CPU
		{8B80905C-244E-4EDE-BA39-CC407039045B}.Release|Any CPU.ActiveCfg = Release|Any CPU
		{8B80905C-244E-4EDE-BA39-CC407039045B}.Release|Any CPU.Build.0 = Release|Any CPU
	EndGlobalSection
	GlobalSection(SolutionProperties) = preSolution
		HideSolutionNode = FALSE
	EndGlobalSection
	GlobalSection(NestedProjects) = preSolution
		{DC2DEE60-E246-448D-85DC-51D8D1205825} = {D0092F39-2A7D-4A19-AC92-893CFFD576A6}
		{0CBA951D-71EC-4FC3-9E0D-4BC1271407D6} = {D0092F39-2A7D-4A19-AC92-893CFFD576A6}
		{A3373744-7D97-4C48-AB85-AC860B30BA9A} = {D0092F39-2A7D-4A19-AC92-893CFFD576A6}
		{910EC6ED-FE5F-4F72-985D-E1388BDB3A2C} = {E2B44B70-6E9E-4DE5-BFE5-3D7ABB4A5019}
		{F87F9F6C-5A36-4DD2-88F4-65D422B6490F} = {E2B44B70-6E9E-4DE5-BFE5-3D7ABB4A5019}
		{8B80905C-244E-4EDE-BA39-CC407039045B} = {E2B44B70-6E9E-4DE5-BFE5-3D7ABB4A5019}
	EndGlobalSection
	GlobalSection(ExtensibilityGlobals) = postSolution
		SolutionGuid = {3BB29A04-58E3-4B9B-B8CE-A20DD3C51334}
	EndGlobalSection
EndGlobal
