
Microsoft Visual Studio Solution File, Format Version 12.00
# Visual Studio Version 16
VisualStudioVersion = 16.0.34031.81
MinimumVisualStudioVersion = 10.0.40219.1
Project("{2150E333-8FDC-42A3-9474-1A3956D46DE8}") = "Task0", "Task0", "{D0092F39-2A7D-4A19-AC92-893CFFD576A6}"
EndProject
Project("{FAE04EC0-301F-11D3-BF4B-00C04F79EFBC}") = "Tyuiu.ShunanovKE.Sprint3.Task0.V30", "Tyuiu.ShunanovKE.Sprint3.Task0.V30\Tyuiu.ShunanovKE.Sprint3.Task0.V30.csproj", "{DC2DEE60-E246-448D-85DC-51D8D1205825}"
EndProject
Project("{FAE04EC0-301F-11D3-BF4B-00C04F79EFBC}") = "Tyuiu.ShunanovKE.Sprint3.Task0.V30.Lib", "Tyuiu.ShunanovKE.Sprint3.Task0.V30.Lib\Tyuiu.ShunanovKE.Sprint3.Task0.V30.Lib.csproj", "{0CBA951D-71EC-4FC3-9E0D-4BC1271407D6}"
EndProject
Project("{FAE04EC0-301F-11D3-BF4B-00C04F79EFBC}") = "Tyuiu.ShunanovKE.Sprint3.Task0.V30.Test", "Tyuiu.ShunanovKE.Sprint3.Task0.V30.Test\Tyuiu.ShunanovKE.Sprint3.Task0.V30.Test.csproj", "{A3373744-7D97-4C48-AB85-AC860B30BA9A}"
EndProject
Project("{2150E333-8FDC-42A3-9474-1A3956D46DE8}") = "Task1", "Task1", "{E2B44B70-6E9E-4DE5-BFE5-3D7ABB4A5019}"
EndProject
Project("{FAE04EC0-301F-11D3-BF4B-00C04F79EFBC}") = "Tyuiu.ShunanovKE.Sprint3.Task1.V17", "Tyuiu.ShunanovKE.Sprint3.Task1.V17\Tyuiu.ShunanovKE.Sprint3.Task1.V17.csproj", "{910EC6ED-FE5F-4F72-985D-E1388BDB3A2C}"
EndProject
Project("{FAE04EC0-301F-11D3-BF4B-00C04F79EFBC}") = "Tyuiu.ShunanovKE.Sprint3.Task1.V17.Lib", "Tyuiu.ShunanovKE.Sprint3.Task1.V17.Lib\Tyuiu.ShunanovKE.Sprint3.Task1.V17.Lib.csproj", "{F87F9F6C-5A36-4DD2-88F4-65D422B6490F}"
EndProject
Project("{FAE04EC0-301F-11D3-BF4B-00C04F79EFBC}") = "Tyuiu.ShunanovKE.Sprint3.Task1.V17.Test", "Tyuiu.ShunanovKE.Sprint3.Task1.V17.Test\Tyuiu.ShunanovKE.Sprint3.Task1.V17.Test.csproj", "{8B80905C-244E-4EDE-BA39-CC407039045B}"
EndProject
Project("{2150E333-8FDC-42A3-9474-1A3956D46DE8}") = "Task2", "Task2", "{18F57744-6F7C-427A-8871-9E7B23057FA5}"
EndProject
Project("{FAE04EC0-301F-11D3-BF4B-00C04F79EFBC}") = "Tyuiu.ShunanovKE.Sprint3.Task2.V25", "Tyuiu.ShunanovKE.Sprint3.Task2.V25\Tyuiu.ShunanovKE.Sprint3.Task2.V25.csproj", "{2BBC15AC-527A-49A0-AD27-B00D20185C33}"
EndProject
Project("{FAE04EC0-301F-11D3-BF4B-00C04F79EFBC}") = "Tyuiu.ShunanovKE.Sprint3.Task2.V25.Lib", "Tyuiu.ShunanovKE.Sprint3.Task2.V25.Lib\Tyuiu.ShunanovKE.Sprint3.Task2.V25.Lib.csproj", "{7208882F-CF8C-4F24-9008-EEE5E4F46B6D}"
EndProject
Project("{FAE04EC0-301F-11D3-BF4B-00C04F79EFBC}") = "Tyuiu.ShunanovKE.Sprint3.Task2.V25.Test", "Tyuiu.ShunanovKE.Sprint3.Task2.V25.Test\Tyuiu.ShunanovKE.Sprint3.Task2.V25.Test.csproj", "{F4CEB5C8-1394-4F08-B984-D44341249C6C}"
EndProject
Project("{2150E333-8FDC-42A3-9474-1A3956D46DE8}") = "Task3", "Task3", "{ED1803C9-2EE9-4325-980F-362B47214D3A}"
EndProject
Project("{FAE04EC0-301F-11D3-BF4B-00C04F79EFBC}") = "Tyuiu.ShunanovKE.Sprint3.Task3.V2", "Tyuiu.ShunanovKE.Sprint3.Task3.V2\Tyuiu.ShunanovKE.Sprint3.Task3.V2.csproj", "{FFD3ECA6-3ED7-401A-A96B-BCD662A9F825}"
EndProject
Project("{FAE04EC0-301F-11D3-BF4B-00C04F79EFBC}") = "Tyuiu.ShunanovKE.Sprint3.Task3.V2.Lib", "Tyuiu.ShunanovKE.Sprint3.Task3.V2.Lib\Tyuiu.ShunanovKE.Sprint3.Task3.V2.Lib.csproj", "{03EB2CA0-EC7E-454B-AE41-623F10B323F7}"
EndProject
Project("{FAE04EC0-301F-11D3-BF4B-00C04F79EFBC}") = "Tyuiu.ShunanovKE.Sprint3.Task3.V2.Test", "Tyuiu.ShunanovKE.Sprint3.Task3.V2.Test\Tyuiu.ShunanovKE.Sprint3.Task3.V2.Test.csproj", "{9D747013-FC26-4F01-A1B4-1095D0C35C20}"
EndProject
Project("{2150E333-8FDC-42A3-9474-1A3956D46DE8}") = "Task4", "Task4", "{14314A8C-779D-4CDC-A577-9467CCD3F5C2}"
EndProject
Project("{FAE04EC0-301F-11D3-BF4B-00C04F79EFBC}") = "Tyuiu.ShunanovKE.Sprint3.Task4.V14", "Tyuiu.ShunanovKE.Sprint3.Task4.V14\Tyuiu.ShunanovKE.Sprint3.Task4.V14.csproj", "{345F2B9B-438E-4682-9C41-9012D8885D98}"
EndProject
Project("{FAE04EC0-301F-11D3-BF4B-00C04F79EFBC}") = "Tyuiu.ShunanovKE.Sprint3.Task4.V14.Lib", "Tyuiu.ShunanovKE.Sprint3.Task4.V14.Lib\Tyuiu.ShunanovKE.Sprint3.Task4.V14.Lib.csproj", "{425A08E8-0334-4961-B363-4CC5D0535AE1}"
EndProject
Project("{FAE04EC0-301F-11D3-BF4B-00C04F79EFBC}") = "Tyuiu.ShunanovKE.Sprint3.Task4.V14.Test", "Tyuiu.ShunanovKE.Sprint3.Task4.V14.Test\Tyuiu.ShunanovKE.Sprint3.Task4.V14.Test.csproj", "{7078906E-ADCE-4FE7-A9B2-930AC4DCA07E}"
EndProject
Project("{2150E333-8FDC-42A3-9474-1A3956D46DE8}") = "Task5", "Task5", "{076A9EEF-E923-4918-8B67-8350B828DCDA}"
EndProject
Project("{FAE04EC0-301F-11D3-BF4B-00C04F79EFBC}") = "Tyuiu.ShunanovKE.Sprint3.Task5.V10", "Tyuiu.ShunanovKE.Sprint3.Task5.V10\Tyuiu.ShunanovKE.Sprint3.Task5.V10.csproj", "{C85F9DC8-AA18-4E0B-B8A3-E0C6A2742876}"
EndProject
Project("{FAE04EC0-301F-11D3-BF4B-00C04F79EFBC}") = "Tyuiu.ShunanovKE.Sprint3.Task5.V10.Lib", "Tyuiu.ShunanovKE.Sprint3.Task5.V10.Lib\Tyuiu.ShunanovKE.Sprint3.Task5.V10.Lib.csproj", "{06F879A0-DB20-4DD0-BC0E-CDD7364A1B27}"
EndProject
Project("{FAE04EC0-301F-11D3-BF4B-00C04F79EFBC}") = "Tyuiu.ShunanovKE.Sprint3.Task5.V10.Test", "Tyuiu.ShunanovKE.Sprint3.Task5.V10.Test\Tyuiu.ShunanovKE.Sprint3.Task5.V10.Test.csproj", "{B8E0D629-6858-4B05-8875-AD7C709C3330}"
EndProject
Project("{2150E333-8FDC-42A3-9474-1A3956D46DE8}") = "Task6", "Task6", "{A02FE106-D7ED-470F-B546-9F007209B109}"
EndProject
Project("{FAE04EC0-301F-11D3-BF4B-00C04F79EFBC}") = "Tyuiu.ShunanovKE.Sprint3.Task6.V23", "Tyuiu.ShunanovKE.Sprint3.Task6.V23\Tyuiu.ShunanovKE.Sprint3.Task6.V23.csproj", "{25FA4D74-0F52-4ECD-83AC-19014EA798A6}"
EndProject
Project("{FAE04EC0-301F-11D3-BF4B-00C04F79EFBC}") = "Tyuiu.ShunanovKE.Sprint3.Task6.V23.Lib", "Tyuiu.ShunanovKE.Sprint3.Task6.V23.Lib\Tyuiu.ShunanovKE.Sprint3.Task6.V23.Lib.csproj", "{2DDAE03F-0F63-43C9-81AE-631466CCE80E}"
EndProject
Project("{FAE04EC0-301F-11D3-BF4B-00C04F79EFBC}") = "Tyuiu.ShunanovKE.Sprint3.Task6.V23.Test", "Tyuiu.ShunanovKE.Sprint3.Task6.V23.Test\Tyuiu.ShunanovKE.Sprint3.Task6.V23.Test.csproj", "{A4CE74E5-7638-485B-9AAD-46CBEE84B4F3}"
EndProject
Global
	GlobalSection(SolutionConfigurationPlatforms) = preSolution
		Debug|Any CPU = Debug|Any CPU
		Release|Any CPU = Release|Any CPU
	EndGlobalSection
	GlobalSection(ProjectConfigurationPlatforms) = postSolution
		{DC2DEE60-E246-448D-85DC-51D8D1205825}.Debug|Any CPU.ActiveCfg = Debug|Any CPU
		{DC2DEE60-E246-448D-85DC-51D8D1205825}.Debug|Any CPU.Build.0 = Debug|Any CPU
		{DC2DEE60-E246-448D-85DC-51D8D1205825}.Release|Any CPU.ActiveCfg = Release|Any CPU
		{DC2DEE60-E246-448D-85DC-51D8D1205825}.Release|Any CPU.Build.0 = Release|Any CPU
		{0CBA951D-71EC-4FC3-9E0D-4BC1271407D6}.Debug|Any CPU.ActiveCfg = Debug|Any CPU
		{0CBA951D-71EC-4FC3-9E0D-4BC1271407D6}.Debug|Any CPU.Build.0 = Debug|Any CPU
		{0CBA951D-71EC-4FC3-9E0D-4BC1271407D6}.Release|Any CPU.ActiveCfg = Release|Any CPU
		{0CBA951D-71EC-4FC3-9E0D-4BC1271407D6}.Release|Any CPU.Build.0 = Release|Any CPU
		{A3373744-7D97-4C48-AB85-AC860B30BA9A}.Debug|Any CPU.ActiveCfg = Debug|Any CPU
		{A3373744-7D97-4C48-AB85-AC860B30BA9A}.Debug|Any CPU.Build.0 = Debug|Any CPU
		{A3373744-7D97-4C48-AB85-AC860B30BA9A}.Release|Any CPU.ActiveCfg = Release|Any CPU
		{A3373744-7D97-4C48-AB85-AC860B30BA9A}.Release|Any CPU.Build.0 = Release|Any CPU
		{910EC6ED-FE5F-4F72-985D-E1388BDB3A2C}.Debug|Any CPU.ActiveCfg = Debug|Any CPU
		{910EC6ED-FE5F-4F72-985D-E1388BDB3A2C}.Debug|Any CPU.Build.0 = Debug|Any CPU
		{910EC6ED-FE5F-4F72-985D-E1388BDB3A2C}.Release|Any CPU.ActiveCfg = Release|Any CPU
		{910EC6ED-FE5F-4F72-985D-E1388BDB3A2C}.Release|Any CPU.Build.0 = Release|Any CPU
		{F87F9F6C-5A36-4DD2-88F4-65D422B6490F}.Debug|Any CPU.ActiveCfg = Debug|Any CPU
		{F87F9F6C-5A36-4DD2-88F4-65D422B6490F}.Debug|Any CPU.Build.0 = Debug|Any CPU
		{F87F9F6C-5A36-4DD2-88F4-65D422B6490F}.Release|Any CPU.ActiveCfg = Release|Any CPU
		{F87F9F6C-5A36-4DD2-88F4-65D422B6490F}.Release|Any CPU.Build.0 = Release|Any CPU
		{8B80905C-244E-4EDE-BA39-CC407039045B}.Debug|Any CPU.ActiveCfg = Debug|Any CPU
		{8B80905C-244E-4EDE-BA39-CC407039045B}.Debug|Any CPU.Build.0 = Debug|Any CPU
		{8B80905C-244E-4EDE-BA39-CC407039045B}.Release|Any CPU.ActiveCfg = Release|Any CPU
		{8B80905C-244E-4EDE-BA39-CC407039045B}.Release|Any CPU.Build.0 = Release|Any CPU
		{2BBC15AC-527A-49A0-AD27-B00D20185C33}.Debug|Any CPU.ActiveCfg = Debug|Any CPU
		{2BBC15AC-527A-49A0-AD27-B00D20185C33}.Debug|Any CPU.Build.0 = Debug|Any CPU
		{2BBC15AC-527A-49A0-AD27-B00D20185C33}.Release|Any CPU.ActiveCfg = Release|Any CPU
		{2BBC15AC-527A-49A0-AD27-B00D20185C33}.Release|Any CPU.Build.0 = Release|Any CPU
		{7208882F-CF8C-4F24-9008-EEE5E4F46B6D}.Debug|Any CPU.ActiveCfg = Debug|Any CPU
		{7208882F-CF8C-4F24-9008-EEE5E4F46B6D}.Debug|Any CPU.Build.0 = Debug|Any CPU
		{7208882F-CF8C-4F24-9008-EEE5E4F46B6D}.Release|Any CPU.ActiveCfg = Release|Any CPU
		{7208882F-CF8C-4F24-9008-EEE5E4F46B6D}.Release|Any CPU.Build.0 = Release|Any CPU
		{F4CEB5C8-1394-4F08-B984-D44341249C6C}.Debug|Any CPU.ActiveCfg = Debug|Any CPU
		{F4CEB5C8-1394-4F08-B984-D44341249C6C}.Debug|Any CPU.Build.0 = Debug|Any CPU
		{F4CEB5C8-1394-4F08-B984-D44341249C6C}.Release|Any CPU.ActiveCfg = Release|Any CPU
		{F4CEB5C8-1394-4F08-B984-D44341249C6C}.Release|Any CPU.Build.0 = Release|Any CPU
		{FFD3ECA6-3ED7-401A-A96B-BCD662A9F825}.Debug|Any CPU.ActiveCfg = Debug|Any CPU
		{FFD3ECA6-3ED7-401A-A96B-BCD662A9F825}.Debug|Any CPU.Build.0 = Debug|Any CPU
		{FFD3ECA6-3ED7-401A-A96B-BCD662A9F825}.Release|Any CPU.ActiveCfg = Release|Any CPU
		{FFD3ECA6-3ED7-401A-A96B-BCD662A9F825}.Release|Any CPU.Build.0 = Release|Any CPU
		{03EB2CA0-EC7E-454B-AE41-623F10B323F7}.Debug|Any CPU.ActiveCfg = Debug|Any CPU
		{03EB2CA0-EC7E-454B-AE41-623F10B323F7}.Debug|Any CPU.Build.0 = Debug|Any CPU
		{03EB2CA0-EC7E-454B-AE41-623F10B323F7}.Release|Any CPU.ActiveCfg = Release|Any CPU
		{03EB2CA0-EC7E-454B-AE41-623F10B323F7}.Release|Any CPU.Build.0 = Release|Any CPU
		{9D747013-FC26-4F01-A1B4-1095D0C35C20}.Debug|Any CPU.ActiveCfg = Debug|Any CPU
		{9D747013-FC26-4F01-A1B4-1095D0C35C20}.Debug|Any CPU.Build.0 = Debug|Any CPU
		{9D747013-FC26-4F01-A1B4-1095D0C35C20}.Release|Any CPU.ActiveCfg = Release|Any CPU
		{9D747013-FC26-4F01-A1B4-1095D0C35C20}.Release|Any CPU.Build.0 = Release|Any CPU
		{345F2B9B-438E-4682-9C41-9012D8885D98}.Debug|Any CPU.ActiveCfg = Debug|Any CPU
		{345F2B9B-438E-4682-9C41-9012D8885D98}.Debug|Any CPU.Build.0 = Debug|Any CPU
		{345F2B9B-438E-4682-9C41-9012D8885D98}.Release|Any CPU.ActiveCfg = Release|Any CPU
		{345F2B9B-438E-4682-9C41-9012D8885D98}.Release|Any CPU.Build.0 = Release|Any CPU
		{425A08E8-0334-4961-B363-4CC5D0535AE1}.Debug|Any CPU.ActiveCfg = Debug|Any CPU
		{425A08E8-0334-4961-B363-4CC5D0535AE1}.Debug|Any CPU.Build.0 = Debug|Any CPU
		{425A08E8-0334-4961-B363-4CC5D0535AE1}.Release|Any CPU.ActiveCfg = Release|Any CPU
		{425A08E8-0334-4961-B363-4CC5D0535AE1}.Release|Any CPU.Build.0 = Release|Any CPU
		{7078906E-ADCE-4FE7-A9B2-930AC4DCA07E}.Debug|Any CPU.ActiveCfg = Debug|Any CPU
		{7078906E-ADCE-4FE7-A9B2-930AC4DCA07E}.Debug|Any CPU.Build.0 = Debug|Any CPU
		{7078906E-ADCE-4FE7-A9B2-930AC4DCA07E}.Release|Any CPU.ActiveCfg = Release|Any CPU
		{7078906E-ADCE-4FE7-A9B2-930AC4DCA07E}.Release|Any CPU.Build.0 = Release|Any CPU
		{C85F9DC8-AA18-4E0B-B8A3-E0C6A2742876}.Debug|Any CPU.ActiveCfg = Debug|Any CPU
		{C85F9DC8-AA18-4E0B-B8A3-E0C6A2742876}.Debug|Any CPU.Build.0 = Debug|Any CPU
		{C85F9DC8-AA18-4E0B-B8A3-E0C6A2742876}.Release|Any CPU.ActiveCfg = Release|Any CPU
		{C85F9DC8-AA18-4E0B-B8A3-E0C6A2742876}.Release|Any CPU.Build.0 = Release|Any CPU
		{06F879A0-DB20-4DD0-BC0E-CDD7364A1B27}.Debug|Any CPU.ActiveCfg = Debug|Any CPU
		{06F879A0-DB20-4DD0-BC0E-CDD7364A1B27}.Debug|Any CPU.Build.0 = Debug|Any CPU
		{06F879A0-DB20-4DD0-BC0E-CDD7364A1B27}.Release|Any CPU.ActiveCfg = Release|Any CPU
		{06F879A0-DB20-4DD0-BC0E-CDD7364A1B27}.Release|Any CPU.Build.0 = Release|Any CPU
		{B8E0D629-6858-4B05-8875-AD7C709C3330}.Debug|Any CPU.ActiveCfg = Debug|Any CPU
		{B8E0D629-6858-4B05-8875-AD7C709C3330}.Debug|Any CPU.Build.0 = Debug|Any CPU
		{B8E0D629-6858-4B05-8875-AD7C709C3330}.Release|Any CPU.ActiveCfg = Release|Any CPU
		{B8E0D629-6858-4B05-8875-AD7C709C3330}.Release|Any CPU.Build.0 = Release|Any CPU
		{25FA4D74-0F52-4ECD-83AC-19014EA798A6}.Debug|Any CPU.ActiveCfg = Debug|Any CPU
		{25FA4D74-0F52-4ECD-83AC-19014EA798A6}.Debug|Any CPU.Build.0 = Debug|Any CPU
		{25FA4D74-0F52-4ECD-83AC-19014EA798A6}.Release|Any CPU.ActiveCfg = Release|Any CPU
		{25FA4D74-0F52-4ECD-83AC-19014EA798A6}.Release|Any CPU.Build.0 = Release|Any CPU
		{2DDAE03F-0F63-43C9-81AE-631466CCE80E}.Debug|Any CPU.ActiveCfg = Debug|Any CPU
		{2DDAE03F-0F63-43C9-81AE-631466CCE80E}.Debug|Any CPU.Build.0 = Debug|Any CPU
		{2DDAE03F-0F63-43C9-81AE-631466CCE80E}.Release|Any CPU.ActiveCfg = Release|Any CPU
		{2DDAE03F-0F63-43C9-81AE-631466CCE80E}.Release|Any CPU.Build.0 = Release|Any CPU
		{A4CE74E5-7638-485B-9AAD-46CBEE84B4F3}.Debug|Any CPU.ActiveCfg = Debug|Any CPU
		{A4CE74E5-7638-485B-9AAD-46CBEE84B4F3}.Debug|Any CPU.Build.0 = Debug|Any CPU
		{A4CE74E5-7638-485B-9AAD-46CBEE84B4F3}.Release|Any CPU.ActiveCfg = Release|Any CPU
		{A4CE74E5-7638-485B-9AAD-46CBEE84B4F3}.Release|Any CPU.Build.0 = Release|Any CPU
	EndGlobalSection
	GlobalSection(SolutionProperties) = preSolution
		HideSolutionNode = FALSE
	EndGlobalSection
	GlobalSection(NestedProjects) = preSolution
		{DC2DEE60-E246-448D-85DC-51D8D1205825} = {D0092F39-2A7D-4A19-AC92-893CFFD576A6}
		{0CBA951D-71EC-4FC3-9E0D-4BC1271407D6} = {D0092F39-2A7D-4A19-AC92-893CFFD576A6}
		{A3373744-7D97-4C48-AB85-AC860B30BA9A} = {D0092F39-2A7D-4A19-AC92-893CFFD576A6}
		{910EC6ED-FE5F-4F72-985D-E1388BDB3A2C} = {E2B44B70-6E9E-4DE5-BFE5-3D7ABB4A5019}
		{F87F9F6C-5A36-4DD2-88F4-65D422B6490F} = {E2B44B70-6E9E-4DE5-BFE5-3D7ABB4A5019}
		{8B80905C-244E-4EDE-BA39-CC407039045B} = {E2B44B70-6E9E-4DE5-BFE5-3D7ABB4A5019}
		{2BBC15AC-527A-49A0-AD27-B00D20185C33} = {18F57744-6F7C-427A-8871-9E7B23057FA5}
		{7208882F-CF8C-4F24-9008-EEE5E4F46B6D} = {18F57744-6F7C-427A-8871-9E7B23057FA5}
		{F4CEB5C8-1394-4F08-B984-D44341249C6C} = {18F57744-6F7C-427A-8871-9E7B23057FA5}
		{FFD3ECA6-3ED7-401A-A96B-BCD662A9F825} = {ED1803C9-2EE9-4325-980F-362B47214D3A}
		{03EB2CA0-EC7E-454B-AE41-623F10B323F7} = {ED1803C9-2EE9-4325-980F-362B47214D3A}
		{9D747013-FC26-4F01-A1B4-1095D0C35C20} = {ED1803C9-2EE9-4325-980F-362B47214D3A}
		{345F2B9B-438E-4682-9C41-9012D8885D98} = {14314A8C-779D-4CDC-A577-9467CCD3F5C2}
		{425A08E8-0334-4961-B363-4CC5D0535AE1} = {14314A8C-779D-4CDC-A577-9467CCD3F5C2}
		{7078906E-ADCE-4FE7-A9B2-930AC4DCA07E} = {14314A8C-779D-4CDC-A577-9467CCD3F5C2}
		{C85F9DC8-AA18-4E0B-B8A3-E0C6A2742876} = {076A9EEF-E923-4918-8B67-8350B828DCDA}
		{06F879A0-DB20-4DD0-BC0E-CDD7364A1B27} = {076A9EEF-E923-4918-8B67-8350B828DCDA}
		{B8E0D629-6858-4B05-8875-AD7C709C3330} = {076A9EEF-E923-4918-8B67-8350B828DCDA}
		{25FA4D74-0F52-4ECD-83AC-19014EA798A6} = {A02FE106-D7ED-470F-B546-9F007209B109}
		{2DDAE03F-0F63-43C9-81AE-631466CCE80E} = {A02FE106-D7ED-470F-B546-9F007209B109}
		{A4CE74E5-7638-485B-9AAD-46CBEE84B4F3} = {A02FE106-D7ED-470F-B546-9F007209B109}
	EndGlobalSection
	GlobalSection(ExtensibilityGlobals) = postSolution
		SolutionGuid = {3BB29A04-58E3-4B9B-B8CE-A20DD3C51334}
	EndGlobalSection
EndGlobal
